
Microsoft Visual Studio Solution File, Format Version 12.00
# Visual Studio 15
VisualStudioVersion = 15.0.27428.2002
MinimumVisualStudioVersion = 10.0.40219.1
Project("{FAE04EC0-301F-11D3-BF4B-00C04F79EFBC}") = "KillDemoServer", "KillDemoServer\KillDemoServer.csproj", "{8EEDF714-E443-4199-A84C-66CA36126A51}"
EndProject
Project("{FAE04EC0-301F-11D3-BF4B-00C04F79EFBC}") = "Common", "KillDemoServer\Common\Common.csproj", "{91C46571-B144-4E92-8965-4C80A5861C20}"
EndProject
Global
	GlobalSection(SolutionConfigurationPlatforms) = preSolution
		Debug|Any CPU = Debug|Any CPU
		Release|Any CPU = Release|Any CPU
	EndGlobalSection
	GlobalSection(ProjectConfigurationPlatforms) = postSolution
		{8EEDF714-E443-4199-A84C-66CA36126A51}.Debug|Any CPU.ActiveCfg = Debug|Any CPU
		{8EEDF714-E443-4199-A84C-66CA36126A51}.Debug|Any CPU.Build.0 = Debug|Any CPU
		{8EEDF714-E443-4199-A84C-66CA36126A51}.Release|Any CPU.ActiveCfg = Release|Any CPU
		{8EEDF714-E443-4199-A84C-66CA36126A51}.Release|Any CPU.Build.0 = Release|Any CPU
		{91C46571-B144-4E92-8965-4C80A5861C20}.Debug|Any CPU.ActiveCfg = Debug|Any CPU
		{91C46571-B144-4E92-8965-4C80A5861C20}.Debug|Any CPU.Build.0 = Debug|Any CPU
		{91C46571-B144-4E92-8965-4C80A5861C20}.Release|Any CPU.ActiveCfg = Release|Any CPU
		{91C46571-B144-4E92-8965-4C80A5861C20}.Release|Any CPU.Build.0 = Release|Any CPU
	EndGlobalSection
	GlobalSection(SolutionProperties) = preSolution
		HideSolutionNode = FALSE
	EndGlobalSection
	GlobalSection(ExtensibilityGlobals) = postSolution
		SolutionGuid = {0688422E-754D-47C9-922B-C2E30FDDAC24}
	EndGlobalSection
EndGlobal
